// !$*UTF8*$!
{
	archiveVersion = 1;
	classes = {
	};
	objectVersion = 50;
	objects = {

/* Begin PBXBuildFile section */
		0C088AAC263F150E00CEFD47 /* Map.swift in Sources */ = {isa = PBXBuildFile; fileRef = 0C088AAB263F150E00CEFD47 /* Map.swift */; };
		0C088AAE263F169900CEFD47 /* MapModel.swift in Sources */ = {isa = PBXBuildFile; fileRef = 0C088AAD263F169900CEFD47 /* MapModel.swift */; };
		0C33F3AE263A364A0086FA15 /* OTMUser.swift in Sources */ = {isa = PBXBuildFile; fileRef = 0C33F3AD263A364A0086FA15 /* OTMUser.swift */; };
		0C3D8D74263641DC00F1CC59 /* AppDelegate.swift in Sources */ = {isa = PBXBuildFile; fileRef = 0C3D8D73263641DC00F1CC59 /* AppDelegate.swift */; };
		0C3D8D76263641DC00F1CC59 /* SceneDelegate.swift in Sources */ = {isa = PBXBuildFile; fileRef = 0C3D8D75263641DC00F1CC59 /* SceneDelegate.swift */; };
		0C3D8D78263641DC00F1CC59 /* ViewController.swift in Sources */ = {isa = PBXBuildFile; fileRef = 0C3D8D77263641DC00F1CC59 /* ViewController.swift */; };
		0C3D8D7B263641DC00F1CC59 /* Main.storyboard in Resources */ = {isa = PBXBuildFile; fileRef = 0C3D8D79263641DC00F1CC59 /* Main.storyboard */; };
		0C3D8D7D263641DE00F1CC59 /* Assets.xcassets in Resources */ = {isa = PBXBuildFile; fileRef = 0C3D8D7C263641DE00F1CC59 /* Assets.xcassets */; };
		0C3D8D80263641DE00F1CC59 /* LaunchScreen.storyboard in Resources */ = {isa = PBXBuildFile; fileRef = 0C3D8D7E263641DE00F1CC59 /* LaunchScreen.storyboard */; };
		0C6871F1263F4645006C5D6D /* MapResponse.swift in Sources */ = {isa = PBXBuildFile; fileRef = 0C6871F0263F4645006C5D6D /* MapResponse.swift */; };
		0C6871F3263F5D40006C5D6D /* EditingLocation.swift in Sources */ = {isa = PBXBuildFile; fileRef = 0C6871F2263F5D40006C5D6D /* EditingLocation.swift */; };
		0C6E34DE2642285B000FE020 /* SessionResponse.swift in Sources */ = {isa = PBXBuildFile; fileRef = 0C6E34DD2642285B000FE020 /* SessionResponse.swift */; };
		0C6E34E02642294D000FE020 /* OTMResponse.swift in Sources */ = {isa = PBXBuildFile; fileRef = 0C6E34DF2642294D000FE020 /* OTMResponse.swift */; };
		0C77287C2648B6F3000D997B /* SearchLocationController.swift in Sources */ = {isa = PBXBuildFile; fileRef = 0C77287B2648B6F3000D997B /* SearchLocationController.swift */; };
		0C7FCAD226374F2200DF3D5C /* LoginViewController.swift in Sources */ = {isa = PBXBuildFile; fileRef = 0C7FCAD126374F2200DF3D5C /* LoginViewController.swift */; };
		0C86E337264B5F1A00DA8866 /* StudentResponse.swift in Sources */ = {isa = PBXBuildFile; fileRef = 0C86E336264B5F1A00DA8866 /* StudentResponse.swift */; };
		0CB349C526476B9F00527128 /* UserModel.swift in Sources */ = {isa = PBXBuildFile; fileRef = 0CB349C426476B9F00527128 /* UserModel.swift */; };
		0CB349C726476BC400527128 /* GetUserResponse.swift in Sources */ = {isa = PBXBuildFile; fileRef = 0CB349C626476BC400527128 /* GetUserResponse.swift */; };
		0CCDA9D12637990100F25E2F /* MapViewController.swift in Sources */ = {isa = PBXBuildFile; fileRef = 0CCDA9D02637990100F25E2F /* MapViewController.swift */; };
		0CCDA9D326379AD900F25E2F /* MapViewControllerList.swift in Sources */ = {isa = PBXBuildFile; fileRef = 0CCDA9D226379AD900F25E2F /* MapViewControllerList.swift */; };
/* End PBXBuildFile section */

/* Begin PBXFileReference section */
		0C088AAB263F150E00CEFD47 /* Map.swift */ = {isa = PBXFileReference; lastKnownFileType = sourcecode.swift; path = Map.swift; sourceTree = "<group>"; };
		0C088AAD263F169900CEFD47 /* MapModel.swift */ = {isa = PBXFileReference; lastKnownFileType = sourcecode.swift; path = MapModel.swift; sourceTree = "<group>"; };
		0C33F3AD263A364A0086FA15 /* OTMUser.swift */ = {isa = PBXFileReference; lastKnownFileType = sourcecode.swift; path = OTMUser.swift; sourceTree = "<group>"; };
		0C3D8D70263641DC00F1CC59 /* OnTheMap.app */ = {isa = PBXFileReference; explicitFileType = wrapper.application; includeInIndex = 0; path = OnTheMap.app; sourceTree = BUILT_PRODUCTS_DIR; };
		0C3D8D73263641DC00F1CC59 /* AppDelegate.swift */ = {isa = PBXFileReference; lastKnownFileType = sourcecode.swift; path = AppDelegate.swift; sourceTree = "<group>"; };
		0C3D8D75263641DC00F1CC59 /* SceneDelegate.swift */ = {isa = PBXFileReference; lastKnownFileType = sourcecode.swift; path = SceneDelegate.swift; sourceTree = "<group>"; };
		0C3D8D77263641DC00F1CC59 /* ViewController.swift */ = {isa = PBXFileReference; lastKnownFileType = sourcecode.swift; path = ViewController.swift; sourceTree = "<group>"; };
		0C3D8D7A263641DC00F1CC59 /* Base */ = {isa = PBXFileReference; lastKnownFileType = file.storyboard; name = Base; path = Base.lproj/Main.storyboard; sourceTree = "<group>"; };
		0C3D8D7C263641DE00F1CC59 /* Assets.xcassets */ = {isa = PBXFileReference; lastKnownFileType = folder.assetcatalog; path = Assets.xcassets; sourceTree = "<group>"; };
		0C3D8D7F263641DE00F1CC59 /* Base */ = {isa = PBXFileReference; lastKnownFileType = file.storyboard; name = Base; path = Base.lproj/LaunchScreen.storyboard; sourceTree = "<group>"; };
		0C3D8D81263641DE00F1CC59 /* Info.plist */ = {isa = PBXFileReference; lastKnownFileType = text.plist.xml; path = Info.plist; sourceTree = "<group>"; };
		0C6871F0263F4645006C5D6D /* MapResponse.swift */ = {isa = PBXFileReference; lastKnownFileType = sourcecode.swift; path = MapResponse.swift; sourceTree = "<group>"; };
		0C6871F2263F5D40006C5D6D /* EditingLocation.swift */ = {isa = PBXFileReference; lastKnownFileType = sourcecode.swift; path = EditingLocation.swift; sourceTree = "<group>"; };
		0C6E34DD2642285B000FE020 /* SessionResponse.swift */ = {isa = PBXFileReference; lastKnownFileType = sourcecode.swift; path = SessionResponse.swift; sourceTree = "<group>"; };
		0C6E34DF2642294D000FE020 /* OTMResponse.swift */ = {isa = PBXFileReference; lastKnownFileType = sourcecode.swift; path = OTMResponse.swift; sourceTree = "<group>"; };
		0C77287B2648B6F3000D997B /* SearchLocationController.swift */ = {isa = PBXFileReference; lastKnownFileType = sourcecode.swift; path = SearchLocationController.swift; sourceTree = "<group>"; };
		0C7FCAD126374F2200DF3D5C /* LoginViewController.swift */ = {isa = PBXFileReference; lastKnownFileType = sourcecode.swift; path = LoginViewController.swift; sourceTree = "<group>"; };
		0C86E336264B5F1A00DA8866 /* StudentResponse.swift */ = {isa = PBXFileReference; lastKnownFileType = sourcecode.swift; path = StudentResponse.swift; sourceTree = "<group>"; };
		0CB349C426476B9F00527128 /* UserModel.swift */ = {isa = PBXFileReference; lastKnownFileType = sourcecode.swift; path = UserModel.swift; sourceTree = "<group>"; };
		0CB349C626476BC400527128 /* GetUserResponse.swift */ = {isa = PBXFileReference; lastKnownFileType = sourcecode.swift; path = GetUserResponse.swift; sourceTree = "<group>"; };
		0CCDA9D02637990100F25E2F /* MapViewController.swift */ = {isa = PBXFileReference; lastKnownFileType = sourcecode.swift; path = MapViewController.swift; sourceTree = "<group>"; };
		0CCDA9D226379AD900F25E2F /* MapViewControllerList.swift */ = {isa = PBXFileReference; lastKnownFileType = sourcecode.swift; path = MapViewControllerList.swift; sourceTree = "<group>"; };
/* End PBXFileReference section */

/* Begin PBXFrameworksBuildPhase section */
		0C3D8D6D263641DC00F1CC59 /* Frameworks */ = {
			isa = PBXFrameworksBuildPhase;
			buildActionMask = 2147483647;
			files = (
			);
			runOnlyForDeploymentPostprocessing = 0;
		};
/* End PBXFrameworksBuildPhase section */

/* Begin PBXGroup section */
		0C3D8D67263641DC00F1CC59 = {
			isa = PBXGroup;
			children = (
				0C3D8D72263641DC00F1CC59 /* OnTheMap */,
				0C3D8D71263641DC00F1CC59 /* Products */,
			);
			sourceTree = "<group>";
		};
		0C3D8D71263641DC00F1CC59 /* Products */ = {
			isa = PBXGroup;
			children = (
				0C3D8D70263641DC00F1CC59 /* OnTheMap.app */,
			);
			name = Products;
			sourceTree = "<group>";
		};
		0C3D8D72263641DC00F1CC59 /* OnTheMap */ = {
			isa = PBXGroup;
			children = (
				0C7FCAD026374F0000DF3D5C /* View */,
				0C6871EF263F4633006C5D6D /* Response */,
				0C7FCACF26374EF900DF3D5C /* Model */,
				0C7FCACE26374EE900DF3D5C /* Controller */,
				0C3D8D73263641DC00F1CC59 /* AppDelegate.swift */,
				0C3D8D75263641DC00F1CC59 /* SceneDelegate.swift */,
				0C3D8D77263641DC00F1CC59 /* ViewController.swift */,
				0C3D8D79263641DC00F1CC59 /* Main.storyboard */,
				0C3D8D7C263641DE00F1CC59 /* Assets.xcassets */,
				0C3D8D7E263641DE00F1CC59 /* LaunchScreen.storyboard */,
				0C3D8D81263641DE00F1CC59 /* Info.plist */,
			);
			path = OnTheMap;
			sourceTree = "<group>";
		};
		0C6871EF263F4633006C5D6D /* Response */ = {
			isa = PBXGroup;
			children = (
				0C6871F0263F4645006C5D6D /* MapResponse.swift */,
				0C6E34DD2642285B000FE020 /* SessionResponse.swift */,
				0C6E34DF2642294D000FE020 /* OTMResponse.swift */,
				0CB349C626476BC400527128 /* GetUserResponse.swift */,
				0C86E336264B5F1A00DA8866 /* StudentResponse.swift */,
			);
			path = Response;
			sourceTree = "<group>";
		};
		0C7FCACE26374EE900DF3D5C /* Controller */ = {
			isa = PBXGroup;
			children = (
				0C7FCAD126374F2200DF3D5C /* LoginViewController.swift */,
				0CCDA9D02637990100F25E2F /* MapViewController.swift */,
				0CCDA9D226379AD900F25E2F /* MapViewControllerList.swift */,
				0C6871F2263F5D40006C5D6D /* EditingLocation.swift */,
				0C77287B2648B6F3000D997B /* SearchLocationController.swift */,
			);
			path = Controller;
			sourceTree = "<group>";
		};
		0C7FCACF26374EF900DF3D5C /* Model */ = {
			isa = PBXGroup;
			children = (
				0C33F3AD263A364A0086FA15 /* OTMUser.swift */,
				0C088AAB263F150E00CEFD47 /* Map.swift */,
				0C088AAD263F169900CEFD47 /* MapModel.swift */,
				0CB349C426476B9F00527128 /* UserModel.swift */,
			);
			path = Model;
			sourceTree = "<group>";
		};
		0C7FCAD026374F0000DF3D5C /* View */ = {
			isa = PBXGroup;
			children = (
			);
			path = View;
			sourceTree = "<group>";
		};
/* End PBXGroup section */

/* Begin PBXNativeTarget section */
		0C3D8D6F263641DC00F1CC59 /* OnTheMap */ = {
			isa = PBXNativeTarget;
			buildConfigurationList = 0C3D8D84263641DE00F1CC59 /* Build configuration list for PBXNativeTarget "OnTheMap" */;
			buildPhases = (
				0C3D8D6C263641DC00F1CC59 /* Sources */,
				0C3D8D6D263641DC00F1CC59 /* Frameworks */,
				0C3D8D6E263641DC00F1CC59 /* Resources */,
			);
			buildRules = (
			);
			dependencies = (
			);
			name = OnTheMap;
			productName = OnTheMap;
			productReference = 0C3D8D70263641DC00F1CC59 /* OnTheMap.app */;
			productType = "com.apple.product-type.application";
		};
/* End PBXNativeTarget section */

/* Begin PBXProject section */
		0C3D8D68263641DC00F1CC59 /* Project object */ = {
			isa = PBXProject;
			attributes = {
				LastSwiftUpdateCheck = 1170;
				LastUpgradeCheck = 1170;
				ORGANIZATIONNAME = "Fabiana Petrovick";
				TargetAttributes = {
					0C3D8D6F263641DC00F1CC59 = {
						CreatedOnToolsVersion = 11.7;
					};
				};
			};
			buildConfigurationList = 0C3D8D6B263641DC00F1CC59 /* Build configuration list for PBXProject "OnTheMap" */;
			compatibilityVersion = "Xcode 9.3";
			developmentRegion = en;
			hasScannedForEncodings = 0;
			knownRegions = (
				en,
				Base,
			);
			mainGroup = 0C3D8D67263641DC00F1CC59;
			productRefGroup = 0C3D8D71263641DC00F1CC59 /* Products */;
			projectDirPath = "";
			projectRoot = "";
			targets = (
				0C3D8D6F263641DC00F1CC59 /* OnTheMap */,
			);
		};
/* End PBXProject section */

/* Begin PBXResourcesBuildPhase section */
		0C3D8D6E263641DC00F1CC59 /* Resources */ = {
			isa = PBXResourcesBuildPhase;
			buildActionMask = 2147483647;
			files = (
				0C3D8D80263641DE00F1CC59 /* LaunchScreen.storyboard in Resources */,
				0C3D8D7D263641DE00F1CC59 /* Assets.xcassets in Resources */,
				0C3D8D7B263641DC00F1CC59 /* Main.storyboard in Resources */,
			);
			runOnlyForDeploymentPostprocessing = 0;
		};
/* End PBXResourcesBuildPhase section */

/* Begin PBXSourcesBuildPhase section */
		0C3D8D6C263641DC00F1CC59 /* Sources */ = {
			isa = PBXSourcesBuildPhase;
			buildActionMask = 2147483647;
			files = (
				0C7FCAD226374F2200DF3D5C /* LoginViewController.swift in Sources */,
				0C6871F1263F4645006C5D6D /* MapResponse.swift in Sources */,
				0C088AAE263F169900CEFD47 /* MapModel.swift in Sources */,
				0C3D8D78263641DC00F1CC59 /* ViewController.swift in Sources */,
				0C088AAC263F150E00CEFD47 /* Map.swift in Sources */,
				0C6E34E02642294D000FE020 /* OTMResponse.swift in Sources */,
				0CCDA9D12637990100F25E2F /* MapViewController.swift in Sources */,
				0C3D8D74263641DC00F1CC59 /* AppDelegate.swift in Sources */,
				0CB349C526476B9F00527128 /* UserModel.swift in Sources */,
				0CB349C726476BC400527128 /* GetUserResponse.swift in Sources */,
				0CCDA9D326379AD900F25E2F /* MapViewControllerList.swift in Sources */,
				0C6871F3263F5D40006C5D6D /* EditingLocation.swift in Sources */,
				0C77287C2648B6F3000D997B /* SearchLocationController.swift in Sources */,
				0C3D8D76263641DC00F1CC59 /* SceneDelegate.swift in Sources */,
				0C33F3AE263A364A0086FA15 /* OTMUser.swift in Sources */,
				0C6E34DE2642285B000FE020 /* SessionResponse.swift in Sources */,
				0C86E337264B5F1A00DA8866 /* StudentResponse.swift in Sources */,
			);
			runOnlyForDeploymentPostprocessing = 0;
		};
/* End PBXSourcesBuildPhase section */

/* Begin PBXVariantGroup section */
		0C3D8D79263641DC00F1CC59 /* Main.storyboard */ = {
			isa = PBXVariantGroup;
			children = (
				0C3D8D7A263641DC00F1CC59 /* Base */,
			);
			name = Main.storyboard;
			sourceTree = "<group>";
		};
		0C3D8D7E263641DE00F1CC59 /* LaunchScreen.storyboard */ = {
			isa = PBXVariantGroup;
			children = (
				0C3D8D7F263641DE00F1CC59 /* Base */,
			);
			name = LaunchScreen.storyboard;
			sourceTree = "<group>";
		};
/* End PBXVariantGroup section */

/* Begin XCBuildConfiguration section */
		0C3D8D82263641DE00F1CC59 /* Debug */ = {
			isa = XCBuildConfiguration;
			buildSettings = {
				ALWAYS_SEARCH_USER_PATHS = NO;
				CLANG_ANALYZER_NONNULL = YES;
				CLANG_ANALYZER_NUMBER_OBJECT_CONVERSION = YES_AGGRESSIVE;
				CLANG_CXX_LANGUAGE_STANDARD = "gnu++14";
				CLANG_CXX_LIBRARY = "libc++";
				CLANG_ENABLE_MODULES = YES;
				CLANG_ENABLE_OBJC_ARC = YES;
				CLANG_ENABLE_OBJC_WEAK = YES;
				CLANG_WARN_BLOCK_CAPTURE_AUTORELEASING = YES;
				CLANG_WARN_BOOL_CONVERSION = YES;
				CLANG_WARN_COMMA = YES;
				CLANG_WARN_CONSTANT_CONVERSION = YES;
				CLANG_WARN_DEPRECATED_OBJC_IMPLEMENTATIONS = YES;
				CLANG_WARN_DIRECT_OBJC_ISA_USAGE = YES_ERROR;
				CLANG_WARN_DOCUMENTATION_COMMENTS = YES;
				CLANG_WARN_EMPTY_BODY = YES;
				CLANG_WARN_ENUM_CONVERSION = YES;
				CLANG_WARN_INFINITE_RECURSION = YES;
				CLANG_WARN_INT_CONVERSION = YES;
				CLANG_WARN_NON_LITERAL_NULL_CONVERSION = YES;
				CLANG_WARN_OBJC_IMPLICIT_RETAIN_SELF = YES;
				CLANG_WARN_OBJC_LITERAL_CONVERSION = YES;
				CLANG_WARN_OBJC_ROOT_CLASS = YES_ERROR;
				CLANG_WARN_RANGE_LOOP_ANALYSIS = YES;
				CLANG_WARN_STRICT_PROTOTYPES = YES;
				CLANG_WARN_SUSPICIOUS_MOVE = YES;
				CLANG_WARN_UNGUARDED_AVAILABILITY = YES_AGGRESSIVE;
				CLANG_WARN_UNREACHABLE_CODE = YES;
				CLANG_WARN__DUPLICATE_METHOD_MATCH = YES;
				COPY_PHASE_STRIP = NO;
				DEBUG_INFORMATION_FORMAT = dwarf;
				ENABLE_STRICT_OBJC_MSGSEND = YES;
				ENABLE_TESTABILITY = YES;
				GCC_C_LANGUAGE_STANDARD = gnu11;
				GCC_DYNAMIC_NO_PIC = NO;
				GCC_NO_COMMON_BLOCKS = YES;
				GCC_OPTIMIZATION_LEVEL = 0;
				GCC_PREPROCESSOR_DEFINITIONS = (
					"DEBUG=1",
					"$(inherited)",
				);
				GCC_WARN_64_TO_32_BIT_CONVERSION = YES;
				GCC_WARN_ABOUT_RETURN_TYPE = YES_ERROR;
				GCC_WARN_UNDECLARED_SELECTOR = YES;
				GCC_WARN_UNINITIALIZED_AUTOS = YES_AGGRESSIVE;
				GCC_WARN_UNUSED_FUNCTION = YES;
				GCC_WARN_UNUSED_VARIABLE = YES;
				IPHONEOS_DEPLOYMENT_TARGET = 13.7;
				MTL_ENABLE_DEBUG_INFO = INCLUDE_SOURCE;
				MTL_FAST_MATH = YES;
				ONLY_ACTIVE_ARCH = YES;
				SDKROOT = iphoneos;
				SWIFT_ACTIVE_COMPILATION_CONDITIONS = DEBUG;
				SWIFT_OPTIMIZATION_LEVEL = "-Onone";
			};
			name = Debug;
		};
		0C3D8D83263641DE00F1CC59 /* Release */ = {
			isa = XCBuildConfiguration;
			buildSettings = {
				ALWAYS_SEARCH_USER_PATHS = NO;
				CLANG_ANALYZER_NONNULL = YES;
				CLANG_ANALYZER_NUMBER_OBJECT_CONVERSION = YES_AGGRESSIVE;
				CLANG_CXX_LANGUAGE_STANDARD = "gnu++14";
				CLANG_CXX_LIBRARY = "libc++";
				CLANG_ENABLE_MODULES = YES;
				CLANG_ENABLE_OBJC_ARC = YES;
				CLANG_ENABLE_OBJC_WEAK = YES;
				CLANG_WARN_BLOCK_CAPTURE_AUTORELEASING = YES;
				CLANG_WARN_BOOL_CONVERSION = YES;
				CLANG_WARN_COMMA = YES;
				CLANG_WARN_CONSTANT_CONVERSION = YES;
				CLANG_WARN_DEPRECATED_OBJC_IMPLEMENTATIONS = YES;
				CLANG_WARN_DIRECT_OBJC_ISA_USAGE = YES_ERROR;
				CLANG_WARN_DOCUMENTATION_COMMENTS = YES;
				CLANG_WARN_EMPTY_BODY = YES;
				CLANG_WARN_ENUM_CONVERSION = YES;
				CLANG_WARN_INFINITE_RECURSION = YES;
				CLANG_WARN_INT_CONVERSION = YES;
				CLANG_WARN_NON_LITERAL_NULL_CONVERSION = YES;
				CLANG_WARN_OBJC_IMPLICIT_RETAIN_SELF = YES;
				CLANG_WARN_OBJC_LITERAL_CONVERSION = YES;
				CLANG_WARN_OBJC_ROOT_CLASS = YES_ERROR;
				CLANG_WARN_RANGE_LOOP_ANALYSIS = YES;
				CLANG_WARN_STRICT_PROTOTYPES = YES;
				CLANG_WARN_SUSPICIOUS_MOVE = YES;
				CLANG_WARN_UNGUARDED_AVAILABILITY = YES_AGGRESSIVE;
				CLANG_WARN_UNREACHABLE_CODE = YES;
				CLANG_WARN__DUPLICATE_METHOD_MATCH = YES;
				COPY_PHASE_STRIP = NO;
				DEBUG_INFORMATION_FORMAT = "dwarf-with-dsym";
				ENABLE_NS_ASSERTIONS = NO;
				ENABLE_STRICT_OBJC_MSGSEND = YES;
				GCC_C_LANGUAGE_STANDARD = gnu11;
				GCC_NO_COMMON_BLOCKS = YES;
				GCC_WARN_64_TO_32_BIT_CONVERSION = YES;
				GCC_WARN_ABOUT_RETURN_TYPE = YES_ERROR;
				GCC_WARN_UNDECLARED_SELECTOR = YES;
				GCC_WARN_UNINITIALIZED_AUTOS = YES_AGGRESSIVE;
				GCC_WARN_UNUSED_FUNCTION = YES;
				GCC_WARN_UNUSED_VARIABLE = YES;
				IPHONEOS_DEPLOYMENT_TARGET = 13.7;
				MTL_ENABLE_DEBUG_INFO = NO;
				MTL_FAST_MATH = YES;
				SDKROOT = iphoneos;
				SWIFT_COMPILATION_MODE = wholemodule;
				SWIFT_OPTIMIZATION_LEVEL = "-O";
				VALIDATE_PRODUCT = YES;
			};
			name = Release;
		};
		0C3D8D85263641DE00F1CC59 /* Debug */ = {
			isa = XCBuildConfiguration;
			buildSettings = {
				ASSETCATALOG_COMPILER_APPICON_NAME = AppIcon;
				CODE_SIGN_STYLE = Automatic;
				INFOPLIST_FILE = OnTheMap/Info.plist;
				LD_RUNPATH_SEARCH_PATHS = (
					"$(inherited)",
					"@executable_path/Frameworks",
				);
				PRODUCT_BUNDLE_IDENTIFIER = br.com.fabiana.OnTheMap;
				PRODUCT_NAME = "$(TARGET_NAME)";
				SWIFT_VERSION = 5.0;
				TARGETED_DEVICE_FAMILY = "1,2";
			};
			name = Debug;
		};
		0C3D8D86263641DE00F1CC59 /* Release */ = {
			isa = XCBuildConfiguration;
			buildSettings = {
				ASSETCATALOG_COMPILER_APPICON_NAME = AppIcon;
				CODE_SIGN_STYLE = Automatic;
				INFOPLIST_FILE = OnTheMap/Info.plist;
				LD_RUNPATH_SEARCH_PATHS = (
					"$(inherited)",
					"@executable_path/Frameworks",
				);
				PRODUCT_BUNDLE_IDENTIFIER = br.com.fabiana.OnTheMap;
				PRODUCT_NAME = "$(TARGET_NAME)";
				SWIFT_VERSION = 5.0;
				TARGETED_DEVICE_FAMILY = "1,2";
			};
			name = Release;
		};
/* End XCBuildConfiguration section */

/* Begin XCConfigurationList section */
		0C3D8D6B263641DC00F1CC59 /* Build configuration list for PBXProject "OnTheMap" */ = {
			isa = XCConfigurationList;
			buildConfigurations = (
				0C3D8D82263641DE00F1CC59 /* Debug */,
				0C3D8D83263641DE00F1CC59 /* Release */,
			);
			defaultConfigurationIsVisible = 0;
			defaultConfigurationName = Release;
		};
		0C3D8D84263641DE00F1CC59 /* Build configuration list for PBXNativeTarget "OnTheMap" */ = {
			isa = XCConfigurationList;
			buildConfigurations = (
				0C3D8D85263641DE00F1CC59 /* Debug */,
				0C3D8D86263641DE00F1CC59 /* Release */,
			);
			defaultConfigurationIsVisible = 0;
			defaultConfigurationName = Release;
		};
/* End XCConfigurationList section */
	};
	rootObject = 0C3D8D68263641DC00F1CC59 /* Project object */;
}
